
Microsoft Visual Studio Solution File, Format Version 12.00
# Visual Studio Version 17
VisualStudioVersion = 17.13.35919.96 d17.13
MinimumVisualStudioVersion = 10.0.40219.1
Project("{FAE04EC0-301F-11D3-BF4B-00C04F79EFBC}") = "EmployeeManagementAPI", "EmployeeManagementAPI\EmployeeManagementAPI.csproj", "{9DC7DE85-A3AD-4EF5-BC7D-058E264EBA05}"
EndProject
Global
	GlobalSection(SolutionConfigurationPlatforms) = preSolution
		Debug|Any CPU = Debug|Any CPU
		Release|Any CPU = Release|Any CPU
	EndGlobalSection
	GlobalSection(ProjectConfigurationPlatforms) = postSolution
		{9DC7DE85-A3AD-4EF5-BC7D-058E264EBA05}.Debug|Any CPU.ActiveCfg = Debug|Any CPU
		{9DC7DE85-A3AD-4EF5-BC7D-058E264EBA05}.Debug|Any CPU.Build.0 = Debug|Any CPU
		{9DC7DE85-A3AD-4EF5-BC7D-058E264EBA05}.Release|Any CPU.ActiveCfg = Release|Any CPU
		{9DC7DE85-A3AD-4EF5-BC7D-058E264EBA05}.Release|Any CPU.Build.0 = Release|Any CPU
	EndGlobalSection
	GlobalSection(SolutionProperties) = preSolution
		HideSolutionNode = FALSE
	EndGlobalSection
	GlobalSection(ExtensibilityGlobals) = postSolution
		SolutionGuid = {C56F276C-DC74-4A26-B047-507BF0B62EB7}
	EndGlobalSection
EndGlobal
